// !$*UTF8*$!
{
	archiveVersion = 1;
	classes = {
	};
	objectVersion = 46;
	objects = {

/* Begin PBXBuildFile section */
		BA9AAB501B2895BF00B5DBB7 /* AppDelegate.swift in Sources */ = {isa = PBXBuildFile; fileRef = BA9AAB4F1B2895BF00B5DBB7 /* AppDelegate.swift */; };
		BA9AAB521B2895BF00B5DBB7 /* ViewController.swift in Sources */ = {isa = PBXBuildFile; fileRef = BA9AAB511B2895BF00B5DBB7 /* ViewController.swift */; };
		BA9AAB551B2895BF00B5DBB7 /* Main.storyboard in Resources */ = {isa = PBXBuildFile; fileRef = BA9AAB531B2895BF00B5DBB7 /* Main.storyboard */; };
		BA9AAB571B2895BF00B5DBB7 /* Images.xcassets in Resources */ = {isa = PBXBuildFile; fileRef = BA9AAB561B2895BF00B5DBB7 /* Images.xcassets */; };
		BA9AAB5A1B2895BF00B5DBB7 /* LaunchScreen.xib in Resources */ = {isa = PBXBuildFile; fileRef = BA9AAB581B2895BF00B5DBB7 /* LaunchScreen.xib */; };
		BA9AAB661B2895BF00B5DBB7 /* tesetTests.swift in Sources */ = {isa = PBXBuildFile; fileRef = BA9AAB651B2895BF00B5DBB7 /* tesetTests.swift */; };
/* End PBXBuildFile section */

/* Begin PBXContainerItemProxy section */
		BA9AAB601B2895BF00B5DBB7 /* PBXContainerItemProxy */ = {
			isa = PBXContainerItemProxy;
			containerPortal = BA9AAB421B2895BF00B5DBB7 /* Project object */;
			proxyType = 1;
			remoteGlobalIDString = BA9AAB491B2895BF00B5DBB7;
			remoteInfo = teset;
		};
/* End PBXContainerItemProxy section */

/* Begin PBXFileReference section */
		BA9AAB4A1B2895BF00B5DBB7 /* teset.app */ = {isa = PBXFileReference; explicitFileType = wrapper.application; includeInIndex = 0; path = teset.app; sourceTree = BUILT_PRODUCTS_DIR; };
		BA9AAB4E1B2895BF00B5DBB7 /* Info.plist */ = {isa = PBXFileReference; lastKnownFileType = text.plist.xml; path = Info.plist; sourceTree = "<group>"; };
		BA9AAB4F1B2895BF00B5DBB7 /* AppDelegate.swift */ = {isa = PBXFileReference; lastKnownFileType = sourcecode.swift; path = AppDelegate.swift; sourceTree = "<group>"; };
		BA9AAB511B2895BF00B5DBB7 /* ViewController.swift */ = {isa = PBXFileReference; lastKnownFileType = sourcecode.swift; path = ViewController.swift; sourceTree = "<group>"; };
		BA9AAB541B2895BF00B5DBB7 /* Base */ = {isa = PBXFileReference; lastKnownFileType = file.storyboard; name = Base; path = Base.lproj/Main.storyboard; sourceTree = "<group>"; };
		BA9AAB561B2895BF00B5DBB7 /* Images.xcassets */ = {isa = PBXFileReference; lastKnownFileType = folder.assetcatalog; path = Images.xcassets; sourceTree = "<group>"; };
		BA9AAB591B2895BF00B5DBB7 /* Base */ = {isa = PBXFileReference; lastKnownFileType = file.xib; name = Base; path = Base.lproj/LaunchScreen.xib; sourceTree = "<group>"; };
		BA9AAB5F1B2895BF00B5DBB7 /* tesetTests.xctest */ = {isa = PBXFileReference; explicitFileType = wrapper.cfbundle; includeInIndex = 0; path = tesetTests.xctest; sourceTree = BUILT_PRODUCTS_DIR; };
		BA9AAB641B2895BF00B5DBB7 /* Info.plist */ = {isa = PBXFileReference; lastKnownFileType = text.plist.xml; path = Info.plist; sourceTree = "<group>"; };
		BA9AAB651B2895BF00B5DBB7 /* tesetTests.swift */ = {isa = PBXFileReference; lastKnownFileType = sourcecode.swift; path = tesetTests.swift; sourceTree = "<group>"; };
/* End PBXFileReference section */

/* Begin PBXFrameworksBuildPhase section */
		BA9AAB471B2895BF00B5DBB7 /* Frameworks */ = {
			isa = PBXFrameworksBuildPhase;
			buildActionMask = 2147483647;
			files = (
			);
			runOnlyForDeploymentPostprocessing = 0;
		};
		BA9AAB5C1B2895BF00B5DBB7 /* Frameworks */ = {
			isa = PBXFrameworksBuildPhase;
			buildActionMask = 2147483647;
			files = (
			);
			runOnlyForDeploymentPostprocessing = 0;
		};
/* End PBXFrameworksBuildPhase section */

/* Begin PBXGroup section */
		BA9AAB411B2895BF00B5DBB7 = {
			isa = PBXGroup;
			children = (
				BA9AAB4C1B2895BF00B5DBB7 /* teset */,
				BA9AAB621B2895BF00B5DBB7 /* tesetTests */,
				BA9AAB4B1B2895BF00B5DBB7 /* Products */,
			);
			sourceTree = "<group>";
		};
		BA9AAB4B1B2895BF00B5DBB7 /* Products */ = {
			isa = PBXGroup;
			children = (
				BA9AAB4A1B2895BF00B5DBB7 /* teset.app */,
				BA9AAB5F1B2895BF00B5DBB7 /* tesetTests.xctest */,
			);
			name = Products;
			sourceTree = "<group>";
		};
		BA9AAB4C1B2895BF00B5DBB7 /* teset */ = {
			isa = PBXGroup;
			children = (
				BA9AAB4F1B2895BF00B5DBB7 /* AppDelegate.swift */,
				BA9AAB511B2895BF00B5DBB7 /* ViewController.swift */,
				BA9AAB531B2895BF00B5DBB7 /* Main.storyboard */,
				BA9AAB561B2895BF00B5DBB7 /* Images.xcassets */,
				BA9AAB581B2895BF00B5DBB7 /* LaunchScreen.xib */,
				BA9AAB4D1B2895BF00B5DBB7 /* Supporting Files */,
			);
			path = teset;
			sourceTree = "<group>";
		};
		BA9AAB4D1B2895BF00B5DBB7 /* Supporting Files */ = {
			isa = PBXGroup;
			children = (
				BA9AAB4E1B2895BF00B5DBB7 /* Info.plist */,
			);
			name = "Supporting Files";
			sourceTree = "<group>";
		};
		BA9AAB621B2895BF00B5DBB7 /* tesetTests */ = {
			isa = PBXGroup;
			children = (
				BA9AAB651B2895BF00B5DBB7 /* tesetTests.swift */,
				BA9AAB631B2895BF00B5DBB7 /* Supporting Files */,
			);
			path = tesetTests;
			sourceTree = "<group>";
		};
		BA9AAB631B2895BF00B5DBB7 /* Supporting Files */ = {
			isa = PBXGroup;
			children = (
				BA9AAB641B2895BF00B5DBB7 /* Info.plist */,
			);
			name = "Supporting Files";
			sourceTree = "<group>";
		};
/* End PBXGroup section */

/* Begin PBXNativeTarget section */
		BA9AAB491B2895BF00B5DBB7 /* teset */ = {
			isa = PBXNativeTarget;
			buildConfigurationList = BA9AAB691B2895BF00B5DBB7 /* Build configuration list for PBXNativeTarget "teset" */;
			buildPhases = (
				BA9AAB461B2895BF00B5DBB7 /* Sources */,
				BA9AAB471B2895BF00B5DBB7 /* Frameworks */,
				BA9AAB481B2895BF00B5DBB7 /* Resources */,
			);
			buildRules = (
			);
			dependencies = (
			);
			name = teset;
			productName = teset;
			productReference = BA9AAB4A1B2895BF00B5DBB7 /* teset.app */;
			productType = "com.apple.product-type.application";
		};
		BA9AAB5E1B2895BF00B5DBB7 /* tesetTests */ = {
			isa = PBXNativeTarget;
			buildConfigurationList = BA9AAB6C1B2895BF00B5DBB7 /* Build configuration list for PBXNativeTarget "tesetTests" */;
			buildPhases = (
				BA9AAB5B1B2895BF00B5DBB7 /* Sources */,
				BA9AAB5C1B2895BF00B5DBB7 /* Frameworks */,
				BA9AAB5D1B2895BF00B5DBB7 /* Resources */,
			);
			buildRules = (
			);
			dependencies = (
				BA9AAB611B2895BF00B5DBB7 /* PBXTargetDependency */,
			);
			name = tesetTests;
			productName = tesetTests;
			productReference = BA9AAB5F1B2895BF00B5DBB7 /* tesetTests.xctest */;
			productType = "com.apple.product-type.bundle.unit-test";
		};
/* End PBXNativeTarget section */

/* Begin PBXProject section */
		BA9AAB421B2895BF00B5DBB7 /* Project object */ = {
			isa = PBXProject;
			attributes = {
				LastUpgradeCheck = 0630;
				ORGANIZATIONNAME = "Michael Knight";
				TargetAttributes = {
					BA9AAB491B2895BF00B5DBB7 = {
						CreatedOnToolsVersion = 6.3.2;
					};
					BA9AAB5E1B2895BF00B5DBB7 = {
						CreatedOnToolsVersion = 6.3.2;
						TestTargetID = BA9AAB491B2895BF00B5DBB7;
					};
				};
			};
			buildConfigurationList = BA9AAB451B2895BF00B5DBB7 /* Build configuration list for PBXProject "teset" */;
			compatibilityVersion = "Xcode 3.2";
			developmentRegion = English;
			hasScannedForEncodings = 0;
			knownRegions = (
				en,
				Base,
			);
			mainGroup = BA9AAB411B2895BF00B5DBB7;
			productRefGroup = BA9AAB4B1B2895BF00B5DBB7 /* Products */;
			projectDirPath = "";
			projectRoot = "";
			targets = (
				BA9AAB491B2895BF00B5DBB7 /* teset */,
				BA9AAB5E1B2895BF00B5DBB7 /* tesetTests */,
			);
		};
/* End PBXProject section */

/* Begin PBXResourcesBuildPhase section */
		BA9AAB481B2895BF00B5DBB7 /* Resources */ = {
			isa = PBXResourcesBuildPhase;
			buildActionMask = 2147483647;
			files = (
				BA9AAB551B2895BF00B5DBB7 /* Main.storyboard in Resources */,
				BA9AAB5A1B2895BF00B5DBB7 /* LaunchScreen.xib in Resources */,
				BA9AAB571B2895BF00B5DBB7 /* Images.xcassets in Resources */,
			);
			runOnlyForDeploymentPostprocessing = 0;
		};
		BA9AAB5D1B2895BF00B5DBB7 /* Resources */ = {
			isa = PBXResourcesBuildPhase;
			buildActionMask = 2147483647;
			files = (
			);
			runOnlyForDeploymentPostprocessing = 0;
		};
/* End PBXResourcesBuildPhase section */

/* Begin PBXSourcesBuildPhase section */
		BA9AAB461B2895BF00B5DBB7 /* Sources */ = {
			isa = PBXSourcesBuildPhase;
			buildActionMask = 2147483647;
			files = (
				BA9AAB521B2895BF00B5DBB7 /* ViewController.swift in Sources */,
				BA9AAB501B2895BF00B5DBB7 /* AppDelegate.swift in Sources */,
			);
			runOnlyForDeploymentPostprocessing = 0;
		};
		BA9AAB5B1B2895BF00B5DBB7 /* Sources */ = {
			isa = PBXSourcesBuildPhase;
			buildActionMask = 2147483647;
			files = (
				BA9AAB661B2895BF00B5DBB7 /* tesetTests.swift in Sources */,
			);
			runOnlyForDeploymentPostprocessing = 0;
		};
/* End PBXSourcesBuildPhase section */

/* Begin PBXTargetDependency section */
		BA9AAB611B2895BF00B5DBB7 /* PBXTargetDependency */ = {
			isa = PBXTargetDependency;
			target = BA9AAB491B2895BF00B5DBB7 /* teset */;
			targetProxy = BA9AAB601B2895BF00B5DBB7 /* PBXContainerItemProxy */;
		};
/* End PBXTargetDependency section */

/* Begin PBXVariantGroup section */
		BA9AAB531B2895BF00B5DBB7 /* Main.storyboard */ = {
			isa = PBXVariantGroup;
			children = (
				BA9AAB541B2895BF00B5DBB7 /* Base */,
			);
			name = Main.storyboard;
			sourceTree = "<group>";
		};
		BA9AAB581B2895BF00B5DBB7 /* LaunchScreen.xib */ = {
			isa = PBXVariantGroup;
			children = (
				BA9AAB591B2895BF00B5DBB7 /* Base */,
			);
			name = LaunchScreen.xib;
			sourceTree = "<group>";
		};
/* End PBXVariantGroup section */

/* Begin XCBuildConfiguration section */
		BA9AAB671B2895BF00B5DBB7 /* Debug */ = {
			isa = XCBuildConfiguration;
			buildSettings = {
				ALWAYS_SEARCH_USER_PATHS = NO;
				CLANG_CXX_LANGUAGE_STANDARD = "gnu++0x";
				CLANG_CXX_LIBRARY = "libc++";
				CLANG_ENABLE_MODULES = YES;
				CLANG_ENABLE_OBJC_ARC = YES;
				CLANG_WARN_BOOL_CONVERSION = YES;
				CLANG_WARN_CONSTANT_CONVERSION = YES;
				CLANG_WARN_DIRECT_OBJC_ISA_USAGE = YES_ERROR;
				CLANG_WARN_EMPTY_BODY = YES;
				CLANG_WARN_ENUM_CONVERSION = YES;
				CLANG_WARN_INT_CONVERSION = YES;
				CLANG_WARN_OBJC_ROOT_CLASS = YES_ERROR;
				CLANG_WARN_UNREACHABLE_CODE = YES;
				CLANG_WARN__DUPLICATE_METHOD_MATCH = YES;
				"CODE_SIGN_IDENTITY[sdk=iphoneos*]" = "iPhone Developer";
				COPY_PHASE_STRIP = NO;
				DEBUG_INFORMATION_FORMAT = "dwarf-with-dsym";
				ENABLE_STRICT_OBJC_MSGSEND = YES;
				GCC_C_LANGUAGE_STANDARD = gnu99;
				GCC_DYNAMIC_NO_PIC = NO;
				GCC_NO_COMMON_BLOCKS = YES;
				GCC_OPTIMIZATION_LEVEL = 0;
				GCC_PREPROCESSOR_DEFINITIONS = (
					"DEBUG=1",
					"$(inherited)",
				);
				GCC_SYMBOLS_PRIVATE_EXTERN = NO;
				GCC_WARN_64_TO_32_BIT_CONVERSION = YES;
				GCC_WARN_ABOUT_RETURN_TYPE = YES_ERROR;
				GCC_WARN_UNDECLARED_SELECTOR = YES;
				GCC_WARN_UNINITIALIZED_AUTOS = YES_AGGRESSIVE;
				GCC_WARN_UNUSED_FUNCTION = YES;
				GCC_WARN_UNUSED_VARIABLE = YES;
				IPHONEOS_DEPLOYMENT_TARGET = 8.3;
				MTL_ENABLE_DEBUG_INFO = YES;
				ONLY_ACTIVE_ARCH = YES;
				SDKROOT = iphoneos;
				SWIFT_OPTIMIZATION_LEVEL = "-Onone";
			};
			name = Debug;
		};
		BA9AAB681B2895BF00B5DBB7 /* Release */ = {
			isa = XCBuildConfiguration;
			buildSettings = {
				ALWAYS_SEARCH_USER_PATHS = NO;
				CLANG_CXX_LANGUAGE_STANDARD = "gnu++0x";
				CLANG_CXX_LIBRARY = "libc++";
				CLANG_ENABLE_MODULES = YES;
				CLANG_ENABLE_OBJC_ARC = YES;
				CLANG_WARN_BOOL_CONVERSION = YES;
				CLANG_WARN_CONSTANT_CONVERSION = YES;
				CLANG_WARN_DIRECT_OBJC_ISA_USAGE = YES_ERROR;
				CLANG_WARN_EMPTY_BODY = YES;
				CLANG_WARN_ENUM_CONVERSION = YES;
				CLANG_WARN_INT_CONVERSION = YES;
				CLANG_WARN_OBJC_ROOT_CLASS = YES_ERROR;
				CLANG_WARN_UNREACHABLE_CODE = YES;
				CLANG_WARN__DUPLICATE_METHOD_MATCH = YES;
				"CODE_SIGN_IDENTITY[sdk=iphoneos*]" = "iPhone Developer";
				COPY_PHASE_STRIP = NO;
				DEBUG_INFORMATION_FORMAT = "dwarf-with-dsym";
				ENABLE_NS_ASSERTIONS = NO;
				ENABLE_STRICT_OBJC_MSGSEND = YES;
				GCC_C_LANGUAGE_STANDARD = gnu99;
				GCC_NO_COMMON_BLOCKS = YES;
				GCC_WARN_64_TO_32_BIT_CONVERSION = YES;
				GCC_WARN_ABOUT_RETURN_TYPE = YES_ERROR;
				GCC_WARN_UNDECLARED_SELECTOR = YES;
				GCC_WARN_UNINITIALIZED_AUTOS = YES_AGGRESSIVE;
				GCC_WARN_UNUSED_FUNCTION = YES;
				GCC_WARN_UNUSED_VARIABLE = YES;
				IPHONEOS_DEPLOYMENT_TARGET = 8.3;
				MTL_ENABLE_DEBUG_INFO = NO;
				SDKROOT = iphoneos;
				VALIDATE_PRODUCT = YES;
			};
			name = Release;
		};
		BA9AAB6A1B2895BF00B5DBB7 /* Debug */ = {
			isa = XCBuildConfiguration;
			buildSettings = {
				ASSETCATALOG_COMPILER_APPICON_NAME = AppIcon;
				INFOPLIST_FILE = teset/Info.plist;
				LD_RUNPATH_SEARCH_PATHS = "$(inherited) @executable_path/Frameworks";
				PRODUCT_NAME = "$(TARGET_NAME)";
			};
			name = Debug;
		};
		BA9AAB6B1B2895BF00B5DBB7 /* Release */ = {
			isa = XCBuildConfiguration;
			buildSettings = {
				ASSETCATALOG_COMPILER_APPICON_NAME = AppIcon;
				INFOPLIST_FILE = teset/Info.plist;
				LD_RUNPATH_SEARCH_PATHS = "$(inherited) @executable_path/Frameworks";
				PRODUCT_NAME = "$(TARGET_NAME)";
			};
			name = Release;
		};
		BA9AAB6D1B2895BF00B5DBB7 /* Debug */ = {
			isa = XCBuildConfiguration;
			buildSettings = {
				BUNDLE_LOADER = "$(TEST_HOST)";
				FRAMEWORK_SEARCH_PATHS = (
					"$(SDKROOT)/Developer/Library/Frameworks",
					"$(inherited)",
				);
				GCC_PREPROCESSOR_DEFINITIONS = (
					"DEBUG=1",
					"$(inherited)",
				);
				INFOPLIST_FILE = tesetTests/Info.plist;
				LD_RUNPATH_SEARCH_PATHS = "$(inherited) @executable_path/Frameworks @loader_path/Frameworks";
				PRODUCT_NAME = "$(TARGET_NAME)";
				TEST_HOST = "$(BUILT_PRODUCTS_DIR)/teset.app/teset";
			};
			name = Debug;
		};
		BA9AAB6E1B2895BF00B5DBB7 /* Release */ = {
			isa = XCBuildConfiguration;
			buildSettings = {
				BUNDLE_LOADER = "$(TEST_HOST)";
				FRAMEWORK_SEARCH_PATHS = (
					"$(SDKROOT)/Developer/Library/Frameworks",
					"$(inherited)",
				);
				INFOPLIST_FILE = tesetTests/Info.plist;
				LD_RUNPATH_SEARCH_PATHS = "$(inherited) @executable_path/Frameworks @loader_path/Frameworks";
				PRODUCT_NAME = "$(TARGET_NAME)";
				TEST_HOST = "$(BUILT_PRODUCTS_DIR)/teset.app/teset";
			};
			name = Release;
		};
/* End XCBuildConfiguration section */

/* Begin XCConfigurationList section */
		BA9AAB451B2895BF00B5DBB7 /* Build configuration list for PBXProject "teset" */ = {
			isa = XCConfigurationList;
			buildConfigurations = (
				BA9AAB671B2895BF00B5DBB7 /* Debug */,
				BA9AAB681B2895BF00B5DBB7 /* Release */,
			);
			defaultConfigurationIsVisible = 0;
			defaultConfigurationName = Release;
		};
		BA9AAB691B2895BF00B5DBB7 /* Build configuration list for PBXNativeTarget "teset" */ = {
			isa = XCConfigurationList;
			buildConfigurations = (
				BA9AAB6A1B2895BF00B5DBB7 /* Debug */,
				BA9AAB6B1B2895BF00B5DBB7 /* Release */,
			);
			defaultConfigurationIsVisible = 0;
		};
		BA9AAB6C1B2895BF00B5DBB7 /* Build configuration list for PBXNativeTarget "tesetTests" */ = {
			isa = XCConfigurationList;
			buildConfigurations = (
				BA9AAB6D1B2895BF00B5DBB7 /* Debug */,
				BA9AAB6E1B2895BF00B5DBB7 /* Release */,
			);
			defaultConfigurationIsVisible = 0;
		};
/* End XCConfigurationList section */
	};
	rootObject = BA9AAB421B2895BF00B5DBB7 /* Project object */;
}
